PODS:
  - Alamofire (5.0.5)
  - Apollo (0.24.1):
    - Apollo/Core (= 0.24.1)
  - Apollo/Core (0.24.1)
  - ApolloAlamofire (0.7.1):
    - Alamofire (~> 5.0.2)
    - Apollo (~> 0.24.0)
  - youtube-ios-player-helper (0.1.6)

DEPENDENCIES:
  - Apollo (~> 0.24.0)
  - ApolloAlamofire (from `https://github.com/ChrDel/ApolloAlamofire.git`)
  - youtube-ios-player-helper

SPEC REPOS:
  trunk:
    - Alamofire
    - Apollo
    - youtube-ios-player-helper

EXTERNAL SOURCES:
  ApolloAlamofire:
    :git: https://github.com/ChrDel/ApolloAlamofire.git

CHECKOUT OPTIONS:
  ApolloAlamofire:
    :commit: ea44a03f7ae59790d4a4c55e1feda78712533ab6
    :git: https://github.com/ChrDel/ApolloAlamofire.git

SPEC CHECKSUMS:
  Alamofire: df2f8f826963b08b9a870791ad48e07a10090b2e
  Apollo: cab0ff17ea4832da7cd6b0510673325c74edad3e
  ApolloAlamofire: 16eddf068b12548e8c037a117016dbe45729211e
  youtube-ios-player-helper: 21ab92db027c7ff86cb17a3843a3f6eafc8158d2

PODFILE CHECKSUM: 3137bd44e40c7e6799cc68161526deedde3ba372

COCOAPODS: 1.9.1
